// !$*UTF8*$!
{
	archiveVersion = 1;
	classes = {
	};
	objectVersion = 50;
	objects = {

/* Begin PBXBuildFile section */
		AC12754324E5B0BC007B3882 /* View.swift in Sources */ = {isa = PBXBuildFile; fileRef = AC12754224E5B0BC007B3882 /* View.swift */; };
		ACBE6EB324E587DD00F0EB13 /* AppDelegate.swift in Sources */ = {isa = PBXBuildFile; fileRef = ACBE6EB224E587DD00F0EB13 /* AppDelegate.swift */; };
		ACBE6EB524E587DD00F0EB13 /* SceneDelegate.swift in Sources */ = {isa = PBXBuildFile; fileRef = ACBE6EB424E587DD00F0EB13 /* SceneDelegate.swift */; };
		ACBE6EB724E587DD00F0EB13 /* ViewController.swift in Sources */ = {isa = PBXBuildFile; fileRef = ACBE6EB624E587DD00F0EB13 /* ViewController.swift */; };
		ACBE6EBD24E587DD00F0EB13 /* CoreDataPics.xcdatamodeld in Sources */ = {isa = PBXBuildFile; fileRef = ACBE6EBB24E587DD00F0EB13 /* CoreDataPics.xcdatamodeld */; };
		ACBE6EBF24E587DF00F0EB13 /* Assets.xcassets in Resources */ = {isa = PBXBuildFile; fileRef = ACBE6EBE24E587DF00F0EB13 /* Assets.xcassets */; };
/* End PBXBuildFile section */

/* Begin PBXFileReference section */
		AC12754224E5B0BC007B3882 /* View.swift */ = {isa = PBXFileReference; lastKnownFileType = sourcecode.swift; path = View.swift; sourceTree = "<group>"; };
		ACBE6EAF24E587DD00F0EB13 /* CoreDataPics.app */ = {isa = PBXFileReference; explicitFileType = wrapper.application; includeInIndex = 0; path = CoreDataPics.app; sourceTree = BUILT_PRODUCTS_DIR; };
		ACBE6EB224E587DD00F0EB13 /* AppDelegate.swift */ = {isa = PBXFileReference; lastKnownFileType = sourcecode.swift; path = AppDelegate.swift; sourceTree = "<group>"; };
		ACBE6EB424E587DD00F0EB13 /* SceneDelegate.swift */ = {isa = PBXFileReference; lastKnownFileType = sourcecode.swift; path = SceneDelegate.swift; sourceTree = "<group>"; };
		ACBE6EB624E587DD00F0EB13 /* ViewController.swift */ = {isa = PBXFileReference; lastKnownFileType = sourcecode.swift; path = ViewController.swift; sourceTree = "<group>"; };
		ACBE6EBC24E587DD00F0EB13 /* CoreDataPics.xcdatamodel */ = {isa = PBXFileReference; lastKnownFileType = wrapper.xcdatamodel; path = CoreDataPics.xcdatamodel; sourceTree = "<group>"; };
		ACBE6EBE24E587DF00F0EB13 /* Assets.xcassets */ = {isa = PBXFileReference; lastKnownFileType = folder.assetcatalog; path = Assets.xcassets; sourceTree = "<group>"; };
		ACBE6EC324E587DF00F0EB13 /* Info.plist */ = {isa = PBXFileReference; lastKnownFileType = text.plist.xml; path = Info.plist; sourceTree = "<group>"; };
/* End PBXFileReference section */

/* Begin PBXFrameworksBuildPhase section */
		ACBE6EAC24E587DD00F0EB13 /* Frameworks */ = {
			isa = PBXFrameworksBuildPhase;
			buildActionMask = 2147483647;
			files = (
			);
			runOnlyForDeploymentPostprocessing = 0;
		};
/* End PBXFrameworksBuildPhase section */

/* Begin PBXGroup section */
		ACBE6EA624E587DD00F0EB13 = {
			isa = PBXGroup;
			children = (
				ACBE6EB124E587DD00F0EB13 /* CoreDataPics */,
				ACBE6EB024E587DD00F0EB13 /* Products */,
			);
			sourceTree = "<group>";
		};
		ACBE6EB024E587DD00F0EB13 /* Products */ = {
			isa = PBXGroup;
			children = (
				ACBE6EAF24E587DD00F0EB13 /* CoreDataPics.app */,
			);
			name = Products;
			sourceTree = "<group>";
		};
		ACBE6EB124E587DD00F0EB13 /* CoreDataPics */ = {
			isa = PBXGroup;
			children = (
				ACBE6EB224E587DD00F0EB13 /* AppDelegate.swift */,
				ACBE6EB424E587DD00F0EB13 /* SceneDelegate.swift */,
				ACBE6EB624E587DD00F0EB13 /* ViewController.swift */,
				AC12754224E5B0BC007B3882 /* View.swift */,
				ACBE6EBE24E587DF00F0EB13 /* Assets.xcassets */,
				ACBE6EC324E587DF00F0EB13 /* Info.plist */,
				ACBE6EBB24E587DD00F0EB13 /* CoreDataPics.xcdatamodeld */,
			);
			path = CoreDataPics;
			sourceTree = "<group>";
		};
/* End PBXGroup section */

/* Begin PBXNativeTarget section */
		ACBE6EAE24E587DD00F0EB13 /* CoreDataPics */ = {
			isa = PBXNativeTarget;
			buildConfigurationList = ACBE6EC624E587DF00F0EB13 /* Build configuration list for PBXNativeTarget "CoreDataPics" */;
			buildPhases = (
				ACBE6EAB24E587DD00F0EB13 /* Sources */,
				ACBE6EAC24E587DD00F0EB13 /* Frameworks */,
				ACBE6EAD24E587DD00F0EB13 /* Resources */,
			);
			buildRules = (
			);
			dependencies = (
			);
			name = CoreDataPics;
			productName = CoreDataPics;
			productReference = ACBE6EAF24E587DD00F0EB13 /* CoreDataPics.app */;
			productType = "com.apple.product-type.application";
		};
/* End PBXNativeTarget section */

/* Begin PBXProject section */
		ACBE6EA724E587DD00F0EB13 /* Project object */ = {
			isa = PBXProject;
			attributes = {
				LastSwiftUpdateCheck = 1160;
				LastUpgradeCheck = 1160;
				ORGANIZATIONNAME = idevcode;
				TargetAttributes = {
					ACBE6EAE24E587DD00F0EB13 = {
						CreatedOnToolsVersion = 11.6;
					};
				};
			};
			buildConfigurationList = ACBE6EAA24E587DD00F0EB13 /* Build configuration list for PBXProject "CoreDataPics" */;
			compatibilityVersion = "Xcode 9.3";
			developmentRegion = en;
			hasScannedForEncodings = 0;
			knownRegions = (
				en,
				Base,
			);
			mainGroup = ACBE6EA624E587DD00F0EB13;
			productRefGroup = ACBE6EB024E587DD00F0EB13 /* Products */;
			projectDirPath = "";
			projectRoot = "";
			targets = (
				ACBE6EAE24E587DD00F0EB13 /* CoreDataPics */,
			);
		};
/* End PBXProject section */

/* Begin PBXResourcesBuildPhase section */
		ACBE6EAD24E587DD00F0EB13 /* Resources */ = {
			isa = PBXResourcesBuildPhase;
			buildActionMask = 2147483647;
			files = (
				ACBE6EBF24E587DF00F0EB13 /* Assets.xcassets in Resources */,
			);
			runOnlyForDeploymentPostprocessing = 0;
		};
/* End PBXResourcesBuildPhase section */

/* Begin PBXSourcesBuildPhase section */
		ACBE6EAB24E587DD00F0EB13 /* Sources */ = {
			isa = PBXSourcesBuildPhase;
			buildActionMask = 2147483647;
			files = (
				ACBE6EB724E587DD00F0EB13 /* ViewController.swift in Sources */,
				ACBE6EB324E587DD00F0EB13 /* AppDelegate.swift in Sources */,
				AC12754324E5B0BC007B3882 /* View.swift in Sources */,
				ACBE6EB524E587DD00F0EB13 /* SceneDelegate.swift in Sources */,
				ACBE6EBD24E587DD00F0EB13 /* CoreDataPics.xcdatamodeld in Sources */,
			);
			runOnlyForDeploymentPostprocessing = 0;
		};
/* End PBXSourcesBuildPhase section */

/* Begin XCBuildConfiguration section */
		ACBE6EC424E587DF00F0EB13 /* Debug */ = {
			isa = XCBuildConfiguration;
			buildSettings = {
				ALWAYS_SEARCH_USER_PATHS = NO;
				CLANG_ANALYZER_NONNULL = YES;
				CLANG_ANALYZER_NUMBER_OBJECT_CONVERSION = YES_AGGRESSIVE;
				CLANG_CXX_LANGUAGE_STANDARD = "gnu++14";
				CLANG_CXX_LIBRARY = "libc++";
				CLANG_ENABLE_MODULES = YES;
				CLANG_ENABLE_OBJC_ARC = YES;
				CLANG_ENABLE_OBJC_WEAK = YES;
				CLANG_WARN_BLOCK_CAPTURE_AUTORELEASING = YES;
				CLANG_WARN_BOOL_CONVERSION = YES;
				CLANG_WARN_COMMA = YES;
				CLANG_WARN_CONSTANT_CONVERSION = YES;
				CLANG_WARN_DEPRECATED_OBJC_IMPLEMENTATIONS = YES;
				CLANG_WARN_DIRECT_OBJC_ISA_USAGE = YES_ERROR;
				CLANG_WARN_DOCUMENTATION_COMMENTS = YES;
				CLANG_WARN_EMPTY_BODY = YES;
				CLANG_WARN_ENUM_CONVERSION = YES;
				CLANG_WARN_INFINITE_RECURSION = YES;
				CLANG_WARN_INT_CONVERSION = YES;
				CLANG_WARN_NON_LITERAL_NULL_CONVERSION = YES;
				CLANG_WARN_OBJC_IMPLICIT_RETAIN_SELF = YES;
				CLANG_WARN_OBJC_LITERAL_CONVERSION = YES;
				CLANG_WARN_OBJC_ROOT_CLASS = YES_ERROR;
				CLANG_WARN_RANGE_LOOP_ANALYSIS = YES;
				CLANG_WARN_STRICT_PROTOTYPES = YES;
				CLANG_WARN_SUSPICIOUS_MOVE = YES;
				CLANG_WARN_UNGUARDED_AVAILABILITY = YES_AGGRESSIVE;
				CLANG_WARN_UNREACHABLE_CODE = YES;
				CLANG_WARN__DUPLICATE_METHOD_MATCH = YES;
				COPY_PHASE_STRIP = NO;
				DEBUG_INFORMATION_FORMAT = dwarf;
				ENABLE_STRICT_OBJC_MSGSEND = YES;
				ENABLE_TESTABILITY = YES;
				GCC_C_LANGUAGE_STANDARD = gnu11;
				GCC_DYNAMIC_NO_PIC = NO;
				GCC_NO_COMMON_BLOCKS = YES;
				GCC_OPTIMIZATION_LEVEL = 0;
				GCC_PREPROCESSOR_DEFINITIONS = (
					"DEBUG=1",
					"$(inherited)",
				);
				GCC_WARN_64_TO_32_BIT_CONVERSION = YES;
				GCC_WARN_ABOUT_RETURN_TYPE = YES_ERROR;
				GCC_WARN_UNDECLARED_SELECTOR = YES;
				GCC_WARN_UNINITIALIZED_AUTOS = YES_AGGRESSIVE;
				GCC_WARN_UNUSED_FUNCTION = YES;
				GCC_WARN_UNUSED_VARIABLE = YES;
				IPHONEOS_DEPLOYMENT_TARGET = 13.6;
				MTL_ENABLE_DEBUG_INFO = INCLUDE_SOURCE;
				MTL_FAST_MATH = YES;
				ONLY_ACTIVE_ARCH = YES;
				SDKROOT = iphoneos;
				SWIFT_ACTIVE_COMPILATION_CONDITIONS = DEBUG;
				SWIFT_OPTIMIZATION_LEVEL = "-Onone";
			};
			name = Debug;
		};
		ACBE6EC524E587DF00F0EB13 /* Release */ = {
			isa = XCBuildConfiguration;
			buildSettings = {
				ALWAYS_SEARCH_USER_PATHS = NO;
				CLANG_ANALYZER_NONNULL = YES;
				CLANG_ANALYZER_NUMBER_OBJECT_CONVERSION = YES_AGGRESSIVE;
				CLANG_CXX_LANGUAGE_STANDARD = "gnu++14";
				CLANG_CXX_LIBRARY = "libc++";
				CLANG_ENABLE_MODULES = YES;
				CLANG_ENABLE_OBJC_ARC = YES;
				CLANG_ENABLE_OBJC_WEAK = YES;
				CLANG_WARN_BLOCK_CAPTURE_AUTORELEASING = YES;
				CLANG_WARN_BOOL_CONVERSION = YES;
				CLANG_WARN_COMMA = YES;
				CLANG_WARN_CONSTANT_CONVERSION = YES;
				CLANG_WARN_DEPRECATED_OBJC_IMPLEMENTATIONS = YES;
				CLANG_WARN_DIRECT_OBJC_ISA_USAGE = YES_ERROR;
				CLANG_WARN_DOCUMENTATION_COMMENTS = YES;
				CLANG_WARN_EMPTY_BODY = YES;
				CLANG_WARN_ENUM_CONVERSION = YES;
				CLANG_WARN_INFINITE_RECURSION = YES;
				CLANG_WARN_INT_CONVERSION = YES;
				CLANG_WARN_NON_LITERAL_NULL_CONVERSION = YES;
				CLANG_WARN_OBJC_IMPLICIT_RETAIN_SELF = YES;
				CLANG_WARN_OBJC_LITERAL_CONVERSION = YES;
				CLANG_WARN_OBJC_ROOT_CLASS = YES_ERROR;
				CLANG_WARN_RANGE_LOOP_ANALYSIS = YES;
				CLANG_WARN_STRICT_PROTOTYPES = YES;
				CLANG_WARN_SUSPICIOUS_MOVE = YES;
				CLANG_WARN_UNGUARDED_AVAILABILITY = YES_AGGRESSIVE;
				CLANG_WARN_UNREACHABLE_CODE = YES;
				CLANG_WARN__DUPLICATE_METHOD_MATCH = YES;
				COPY_PHASE_STRIP = NO;
				DEBUG_INFORMATION_FORMAT = "dwarf-with-dsym";
				ENABLE_NS_ASSERTIONS = NO;
				ENABLE_STRICT_OBJC_MSGSEND = YES;
				GCC_C_LANGUAGE_STANDARD = gnu11;
				GCC_NO_COMMON_BLOCKS = YES;
				GCC_WARN_64_TO_32_BIT_CONVERSION = YES;
				GCC_WARN_ABOUT_RETURN_TYPE = YES_ERROR;
				GCC_WARN_UNDECLARED_SELECTOR = YES;
				GCC_WARN_UNINITIALIZED_AUTOS = YES_AGGRESSIVE;
				GCC_WARN_UNUSED_FUNCTION = YES;
				GCC_WARN_UNUSED_VARIABLE = YES;
				IPHONEOS_DEPLOYMENT_TARGET = 13.6;
				MTL_ENABLE_DEBUG_INFO = NO;
				MTL_FAST_MATH = YES;
				SDKROOT = iphoneos;
				SWIFT_COMPILATION_MODE = wholemodule;
				SWIFT_OPTIMIZATION_LEVEL = "-O";
				VALIDATE_PRODUCT = YES;
			};
			name = Release;
		};
		ACBE6EC724E587DF00F0EB13 /* Debug */ = {
			isa = XCBuildConfiguration;
			buildSettings = {
				ASSETCATALOG_COMPILER_APPICON_NAME = AppIcon;
				CODE_SIGN_STYLE = Automatic;
				DEVELOPMENT_TEAM = 788WMGHEL8;
				INFOPLIST_FILE = CoreDataPics/Info.plist;
				LD_RUNPATH_SEARCH_PATHS = (
					"$(inherited)",
					"@executable_path/Frameworks",
				);
				PRODUCT_BUNDLE_IDENTIFIER = com.idevcode.CoreDataPics;
				PRODUCT_NAME = "$(TARGET_NAME)";
				SWIFT_VERSION = 5.0;
				TARGETED_DEVICE_FAMILY = 1;
			};
			name = Debug;
		};
		ACBE6EC824E587DF00F0EB13 /* Release */ = {
			isa = XCBuildConfiguration;
			buildSettings = {
				ASSETCATALOG_COMPILER_APPICON_NAME = AppIcon;
				CODE_SIGN_STYLE = Automatic;
				DEVELOPMENT_TEAM = 788WMGHEL8;
				INFOPLIST_FILE = CoreDataPics/Info.plist;
				LD_RUNPATH_SEARCH_PATHS = (
					"$(inherited)",
					"@executable_path/Frameworks",
				);
				PRODUCT_BUNDLE_IDENTIFIER = com.idevcode.CoreDataPics;
				PRODUCT_NAME = "$(TARGET_NAME)";
				SWIFT_VERSION = 5.0;
				TARGETED_DEVICE_FAMILY = 1;
			};
			name = Release;
		};
/* End XCBuildConfiguration section */

/* Begin XCConfigurationList section */
		ACBE6EAA24E587DD00F0EB13 /* Build configuration list for PBXProject "CoreDataPics" */ = {
			isa = XCConfigurationList;
			buildConfigurations = (
				ACBE6EC424E587DF00F0EB13 /* Debug */,
				ACBE6EC524E587DF00F0EB13 /* Release */,
			);
			defaultConfigurationIsVisible = 0;
			defaultConfigurationName = Release;
		};
		ACBE6EC624E587DF00F0EB13 /* Build configuration list for PBXNativeTarget "CoreDataPics" */ = {
			isa = XCConfigurationList;
			buildConfigurations = (
				ACBE6EC724E587DF00F0EB13 /* Debug */,
				ACBE6EC824E587DF00F0EB13 /* Release */,
			);
			defaultConfigurationIsVisible = 0;
			defaultConfigurationName = Release;
		};
/* End XCConfigurationList section */

/* Begin XCVersionGroup section */
		ACBE6EBB24E587DD00F0EB13 /* CoreDataPics.xcdatamodeld */ = {
			isa = XCVersionGroup;
			children = (
				ACBE6EBC24E587DD00F0EB13 /* CoreDataPics.xcdatamodel */,
			);
			currentVersion = ACBE6EBC24E587DD00F0EB13 /* CoreDataPics.xcdatamodel */;
			path = CoreDataPics.xcdatamodeld;
			sourceTree = "<group>";
			versionGroupType = wrapper.xcdatamodel;
		};
/* End XCVersionGroup section */
	};
	rootObject = ACBE6EA724E587DD00F0EB13 /* Project object */;
}
